
Microsoft Visual Studio Solution File, Format Version 12.00
# Visual Studio 15
VisualStudioVersion = 15.0.28307.489
MinimumVisualStudioVersion = 10.0.40219.1
Project("{FAE04EC0-301F-11D3-BF4B-00C04F79EFBC}") = "Arrays.Net", "Arrays.Net\Arrays.Net.csproj", "{034CA925-9CE2-41C4-8A1C-8C84F907610E}"
EndProject
Global
	GlobalSection(SolutionConfigurationPlatforms) = preSolution
		Debug|Any CPU = Debug|Any CPU
		Release|Any CPU = Release|Any CPU
	EndGlobalSection
	GlobalSection(ProjectConfigurationPlatforms) = postSolution
		{034CA925-9CE2-41C4-8A1C-8C84F907610E}.Debug|Any CPU.ActiveCfg = Debug|Any CPU
		{034CA925-9CE2-41C4-8A1C-8C84F907610E}.Debug|Any CPU.Build.0 = Debug|Any CPU
		{034CA925-9CE2-41C4-8A1C-8C84F907610E}.Release|Any CPU.ActiveCfg = Release|Any CPU
		{034CA925-9CE2-41C4-8A1C-8C84F907610E}.Release|Any CPU.Build.0 = Release|Any CPU
	EndGlobalSection
	GlobalSection(SolutionProperties) = preSolution
		HideSolutionNode = FALSE
	EndGlobalSection
	GlobalSection(ExtensibilityGlobals) = postSolution
		SolutionGuid = {ECC4792D-BB9C-4A16-8431-D1EF2D0D34DC}
	EndGlobalSection
EndGlobal
